dependencies:
  espressif/esp-modbus:
    component_hash: ec567c912fbd8b08648ba72b5562df012482584918fb4af670e57025fc30ea42
    source:
      service_url: https://api.components.espressif.com/
      type: service
    version: 1.0.15
  idf:
    component_hash: null
    source:
      type: idf
    version: 5.0.2
  joltwallet/littlefs:
    component_hash: 2e392b279f0bc282a9dfb66608de4b5351d5ab4249254cbb5ebae09099c045ec
    source:
      service_url: https://api.components.espressif.com/
      type: service
    version: 1.8.0
manifest_hash: db04f44c724c91ae47e661bb8138cdeb58253e016059a997095b1c5938af434e
target: esp32s3
version: 1.0.0
